
Microsoft Visual Studio Solution File, Format Version 12.00
# Visual Studio Version 17
VisualStudioVersion = 17.0.32112.339
MinimumVisualStudioVersion = 10.0.40219.1
Project("{FAE04EC0-301F-11D3-BF4B-00C04F79EFBC}") = "WebCRUDTESTE", "WebCRUDTESTE\WebCRUDTESTE.csproj", "{E0D87A45-7374-4D0F-A493-6F6734F5D91D}"
EndProject
Global
	GlobalSection(SolutionConfigurationPlatforms) = preSolution
		Debug|Any CPU = Debug|Any CPU
		Release|Any CPU = Release|Any CPU
	EndGlobalSection
	GlobalSection(ProjectConfigurationPlatforms) = postSolution
		{E0D87A45-7374-4D0F-A493-6F6734F5D91D}.Debug|Any CPU.ActiveCfg = Debug|Any CPU
		{E0D87A45-7374-4D0F-A493-6F6734F5D91D}.Debug|Any CPU.Build.0 = Debug|Any CPU
		{E0D87A45-7374-4D0F-A493-6F6734F5D91D}.Release|Any CPU.ActiveCfg = Release|Any CPU
		{E0D87A45-7374-4D0F-A493-6F6734F5D91D}.Release|Any CPU.Build.0 = Release|Any CPU
	EndGlobalSection
	GlobalSection(SolutionProperties) = preSolution
		HideSolutionNode = FALSE
	EndGlobalSection
	GlobalSection(ExtensibilityGlobals) = postSolution
		SolutionGuid = {BD5FA7BC-DA79-4ECB-979C-78E9A18217A9}
	EndGlobalSection
EndGlobal
